
Microsoft Visual Studio Solution File, Format Version 12.00
# Visual Studio Version 17
VisualStudioVersion = 17.7.34024.191
MinimumVisualStudioVersion = 10.0.40219.1
Project("{8BC9CEB8-8B4A-11D0-8D11-00A0C91BC942}") = "BOJ_11401", "BOJ_11401\BOJ_11401.vcxproj", "{D0853A78-2E83-4D3B-AAE7-2151CBA79733}"
EndProject
Global
	GlobalSection(SolutionConfigurationPlatforms) = preSolution
		Debug|x64 = Debug|x64
		Release|x64 = Release|x64
	EndGlobalSection
	GlobalSection(ProjectConfigurationPlatforms) = postSolution
		{D0853A78-2E83-4D3B-AAE7-2151CBA79733}.Debug|x64.ActiveCfg = Debug|x64
		{D0853A78-2E83-4D3B-AAE7-2151CBA79733}.Debug|x64.Build.0 = Debug|x64
		{D0853A78-2E83-4D3B-AAE7-2151CBA79733}.Release|x64.ActiveCfg = Release|x64
		{D0853A78-2E83-4D3B-AAE7-2151CBA79733}.Release|x64.Build.0 = Release|x64
	EndGlobalSection
	GlobalSection(SolutionProperties) = preSolution
		HideSolutionNode = FALSE
	EndGlobalSection
	GlobalSection(ExtensibilityGlobals) = postSolution
		SolutionGuid = {C12D9164-6178-458E-930F-DB09594C4452}
	EndGlobalSection
EndGlobal
